
Microsoft Visual Studio Solution File, Format Version 12.00
# Visual Studio Version 18
VisualStudioVersion = 18.3.11520.95
MinimumVisualStudioVersion = 10.0.40219.1
Project("{9A19103F-16F7-4668-BE54-9A1E7A4F7556}") = "OpenAkeneo.RestApiClient", "OpenAkeneo.RestApiClient\OpenAkeneo.RestApiClient.csproj", "{F268F292-5ABA-4D04-B9A1-FE54C90B63E8}"
EndProject
Project("{FAE04EC0-301F-11D3-BF4B-00C04F79EFBC}") = "OpenAkeneo.RestApiClient.SandboxTests", "OpenAkeneo.RestApiClient.SandboxTests\OpenAkeneo.RestApiClient.SandboxTests.csproj", "{DFCFBD9B-541D-4A56-9C7A-5740E042D825}"
EndProject
Project("{FAE04EC0-301F-11D3-BF4B-00C04F79EFBC}") = "OpenAkeneo.RestApiClient.UnitTests", "OpenAkeneo.RestApiClient.UnitTests\OpenAkeneo.RestApiClient.UnitTests.csproj", "{008E3E91-4780-4B8B-B066-9066D2A1C268}"
EndProject
Project("{FAE04EC0-301F-11D3-BF4B-00C04F79EFBC}") = "DocGen", "tools\DocGen\DocGen.csproj", "{7BE0E0DB-8690-5EF9-3850-D9F963ACA2CC}"
EndProject
Global
	GlobalSection(SolutionConfigurationPlatforms) = preSolution
		Debug|Any CPU = Debug|Any CPU
		Debug|x64 = Debug|x64
		Debug|x86 = Debug|x86
		Release|Any CPU = Release|Any CPU
		Release|x64 = Release|x64
		Release|x86 = Release|x86
	EndGlobalSection
	GlobalSection(ProjectConfigurationPlatforms) = postSolution
		{F268F292-5ABA-4D04-B9A1-FE54C90B63E8}.Debug|Any CPU.ActiveCfg = Debug|Any CPU
		{F268F292-5ABA-4D04-B9A1-FE54C90B63E8}.Debug|Any CPU.Build.0 = Debug|Any CPU
		{F268F292-5ABA-4D04-B9A1-FE54C90B63E8}.Debug|x64.ActiveCfg = Debug|Any CPU
		{F268F292-5ABA-4D04-B9A1-FE54C90B63E8}.Debug|x64.Build.0 = Debug|Any CPU
		{F268F292-5ABA-4D04-B9A1-FE54C90B63E8}.Debug|x86.ActiveCfg = Debug|Any CPU
		{F268F292-5ABA-4D04-B9A1-FE54C90B63E8}.Debug|x86.Build.0 = Debug|Any CPU
		{F268F292-5ABA-4D04-B9A1-FE54C90B63E8}.Release|Any CPU.ActiveCfg = Release|Any CPU
		{F268F292-5ABA-4D04-B9A1-FE54C90B63E8}.Release|Any CPU.Build.0 = Release|Any CPU
		{F268F292-5ABA-4D04-B9A1-FE54C90B63E8}.Release|x64.ActiveCfg = Release|Any CPU
		{F268F292-5ABA-4D04-B9A1-FE54C90B63E8}.Release|x64.Build.0 = Release|Any CPU
		{F268F292-5ABA-4D04-B9A1-FE54C90B63E8}.Release|x86.ActiveCfg = Release|Any CPU
		{F268F292-5ABA-4D04-B9A1-FE54C90B63E8}.Release|x86.Build.0 = Release|Any CPU
		{DFCFBD9B-541D-4A56-9C7A-5740E042D825}.Debug|Any CPU.ActiveCfg = Debug|Any CPU
		{DFCFBD9B-541D-4A56-9C7A-5740E042D825}.Debug|Any CPU.Build.0 = Debug|Any CPU
		{DFCFBD9B-541D-4A56-9C7A-5740E042D825}.Debug|x64.ActiveCfg = Debug|Any CPU
		{DFCFBD9B-541D-4A56-9C7A-5740E042D825}.Debug|x64.Build.0 = Debug|Any CPU
		{DFCFBD9B-541D-4A56-9C7A-5740E042D825}.Debug|x86.ActiveCfg = Debug|Any CPU
		{DFCFBD9B-541D-4A56-9C7A-5740E042D825}.Debug|x86.Build.0 = Debug|Any CPU
		{DFCFBD9B-541D-4A56-9C7A-5740E042D825}.Release|Any CPU.ActiveCfg = Release|Any CPU
		{DFCFBD9B-541D-4A56-9C7A-5740E042D825}.Release|Any CPU.Build.0 = Release|Any CPU
		{DFCFBD9B-541D-4A56-9C7A-5740E042D825}.Release|x64.ActiveCfg = Release|Any CPU
		{DFCFBD9B-541D-4A56-9C7A-5740E042D825}.Release|x64.Build.0 = Release|Any CPU
		{DFCFBD9B-541D-4A56-9C7A-5740E042D825}.Release|x86.ActiveCfg = Release|Any CPU
		{DFCFBD9B-541D-4A56-9C7A-5740E042D825}.Release|x86.Build.0 = Release|Any CPU
		{008E3E91-4780-4B8B-B066-9066D2A1C268}.Debug|Any CPU.ActiveCfg = Debug|Any CPU
		{008E3E91-4780-4B8B-B066-9066D2A1C268}.Debug|Any CPU.Build.0 = Debug|Any CPU
		{008E3E91-4780-4B8B-B066-9066D2A1C268}.Debug|x64.ActiveCfg = Debug|Any CPU
		{008E3E91-4780-4B8B-B066-9066D2A1C268}.Debug|x64.Build.0 = Debug|Any CPU
		{008E3E91-4780-4B8B-B066-9066D2A1C268}.Debug|x86.ActiveCfg = Debug|Any CPU
		{008E3E91-4780-4B8B-B066-9066D2A1C268}.Debug|x86.Build.0 = Debug|Any CPU
		{008E3E91-4780-4B8B-B066-9066D2A1C268}.Release|Any CPU.ActiveCfg = Release|Any CPU
		{008E3E91-4780-4B8B-B066-9066D2A1C268}.Release|Any CPU.Build.0 = Release|Any CPU
		{008E3E91-4780-4B8B-B066-9066D2A1C268}.Release|x64.ActiveCfg = Release|Any CPU
		{008E3E91-4780-4B8B-B066-9066D2A1C268}.Release|x64.Build.0 = Release|Any CPU
		{008E3E91-4780-4B8B-B066-9066D2A1C268}.Release|x86.ActiveCfg = Release|Any CPU
		{008E3E91-4780-4B8B-B066-9066D2A1C268}.Release|x86.Build.0 = Release|Any CPU
		{7BE0E0DB-8690-5EF9-3850-D9F963ACA2CC}.Debug|Any CPU.ActiveCfg = Debug|Any CPU
		{7BE0E0DB-8690-5EF9-3850-D9F963ACA2CC}.Debug|Any CPU.Build.0 = Debug|Any CPU
		{7BE0E0DB-8690-5EF9-3850-D9F963ACA2CC}.Debug|x64.ActiveCfg = Debug|Any CPU
		{7BE0E0DB-8690-5EF9-3850-D9F963ACA2CC}.Debug|x64.Build.0 = Debug|Any CPU
		{7BE0E0DB-8690-5EF9-3850-D9F963ACA2CC}.Debug|x86.ActiveCfg = Debug|Any CPU
		{7BE0E0DB-8690-5EF9-3850-D9F963ACA2CC}.Debug|x86.Build.0 = Debug|Any CPU
		{7BE0E0DB-8690-5EF9-3850-D9F963ACA2CC}.Release|Any CPU.ActiveCfg = Release|Any CPU
		{7BE0E0DB-8690-5EF9-3850-D9F963ACA2CC}.Release|Any CPU.Build.0 = Release|Any CPU
		{7BE0E0DB-8690-5EF9-3850-D9F963ACA2CC}.Release|x64.ActiveCfg = Release|Any CPU
		{7BE0E0DB-8690-5EF9-3850-D9F963ACA2CC}.Release|x64.Build.0 = Release|Any CPU
		{7BE0E0DB-8690-5EF9-3850-D9F963ACA2CC}.Release|x86.ActiveCfg = Release|Any CPU
		{7BE0E0DB-8690-5EF9-3850-D9F963ACA2CC}.Release|x86.Build.0 = Release|Any CPU
	EndGlobalSection
	GlobalSection(SolutionProperties) = preSolution
		HideSolutionNode = FALSE
	EndGlobalSection
	GlobalSection(ExtensibilityGlobals) = postSolution
		SolutionGuid = {1AFB3053-1B9A-433B-B130-4A4D63CAC72A}
	EndGlobalSection
EndGlobal
